
Microsoft Visual Studio Solution File, Format Version 12.00
# Visual Studio Version 17
VisualStudioVersion = 17.11.35327.3
MinimumVisualStudioVersion = 10.0.40219.1
Project("{FAE04EC0-301F-11D3-BF4B-00C04F79EFBC}") = "Zugriff1", "Zugriff1\Zugriff1.csproj", "{CD43076F-EF82-4C7F-8B02-AAB76C5DEF6F}"
EndProject
Global
	GlobalSection(SolutionConfigurationPlatforms) = preSolution
		Debug|Any CPU = Debug|Any CPU
		Release|Any CPU = Release|Any CPU
	EndGlobalSection
	GlobalSection(ProjectConfigurationPlatforms) = postSolution
		{CD43076F-EF82-4C7F-8B02-AAB76C5DEF6F}.Debug|Any CPU.ActiveCfg = Debug|Any CPU
		{CD43076F-EF82-4C7F-8B02-AAB76C5DEF6F}.Debug|Any CPU.Build.0 = Debug|Any CPU
		{CD43076F-EF82-4C7F-8B02-AAB76C5DEF6F}.Release|Any CPU.ActiveCfg = Release|Any CPU
		{CD43076F-EF82-4C7F-8B02-AAB76C5DEF6F}.Release|Any CPU.Build.0 = Release|Any CPU
	EndGlobalSection
	GlobalSection(SolutionProperties) = preSolution
		HideSolutionNode = FALSE
	EndGlobalSection
	GlobalSection(ExtensibilityGlobals) = postSolution
		SolutionGuid = {7602D8EA-0B6D-4672-A511-EA5BCFE55BA7}
	EndGlobalSection
EndGlobal
